
Microsoft Visual Studio Solution File, Format Version 12.00
# Visual Studio Version 16
VisualStudioVersion = 16.0.31515.178
MinimumVisualStudioVersion = 10.0.40219.1
Project("{FAE04EC0-301F-11D3-BF4B-00C04F79EFBC}") = "TrackManagement", "TrackManagement\TrackManagement.csproj", "{74AC18CD-EB0C-4805-99C5-91160A3DC5AD}"
EndProject
Project("{FAE04EC0-301F-11D3-BF4B-00C04F79EFBC}") = "Trackmanagement.Tests", "Trackmanagement.Tests\Trackmanagement.Tests.csproj", "{EFC34242-BB11-4FAB-9C44-6CC7BCA88BE6}"
EndProject
Global
	GlobalSection(SolutionConfigurationPlatforms) = preSolution
		Debug|Any CPU = Debug|Any CPU
		Release|Any CPU = Release|Any CPU
	EndGlobalSection
	GlobalSection(ProjectConfigurationPlatforms) = postSolution
		{74AC18CD-EB0C-4805-99C5-91160A3DC5AD}.Debug|Any CPU.ActiveCfg = Debug|Any CPU
		{74AC18CD-EB0C-4805-99C5-91160A3DC5AD}.Debug|Any CPU.Build.0 = Debug|Any CPU
		{74AC18CD-EB0C-4805-99C5-91160A3DC5AD}.Release|Any CPU.ActiveCfg = Release|Any CPU
		{74AC18CD-EB0C-4805-99C5-91160A3DC5AD}.Release|Any CPU.Build.0 = Release|Any CPU
		{EFC34242-BB11-4FAB-9C44-6CC7BCA88BE6}.Debug|Any CPU.ActiveCfg = Debug|Any CPU
		{EFC34242-BB11-4FAB-9C44-6CC7BCA88BE6}.Debug|Any CPU.Build.0 = Debug|Any CPU
		{EFC34242-BB11-4FAB-9C44-6CC7BCA88BE6}.Release|Any CPU.ActiveCfg = Release|Any CPU
		{EFC34242-BB11-4FAB-9C44-6CC7BCA88BE6}.Release|Any CPU.Build.0 = Release|Any CPU
	EndGlobalSection
	GlobalSection(SolutionProperties) = preSolution
		HideSolutionNode = FALSE
	EndGlobalSection
	GlobalSection(ExtensibilityGlobals) = postSolution
		SolutionGuid = {D21C7D1C-3AE8-470A-A241-EF48CADDB147}
	EndGlobalSection
EndGlobal
